# THIS IS AN AUTOGENERATED FILE. DO NOT EDIT THIS FILE DIRECTLY.
# yarn lockfile v1


hasharray@^1.1.1:
  version "1.1.1"
  resolved "https://registry.yarnpkg.com/hasharray/-/hasharray-1.1.1.tgz#0bfadd91c0ee76919c05eeef5a3dc1034b4ea4f1"
  dependencies:
    jclass "^1.0.1"

jclass@^1.0.1:
  version "1.2.1"
  resolved "https://registry.yarnpkg.com/jclass/-/jclass-1.2.1.tgz#eaafeec0dd6a5bf8b3ea43c04e010c637638768b"

trie-search@^1.2.8:
  version "1.2.8"
  resolved "https://registry.yarnpkg.com/trie-search/-/trie-search-1.2.8.tgz#9cca9c4d0df7b6638ad56e5e6b1a90307b1a94af"
  dependencies:
    hasharray "^1.1.1"
